
Microsoft Visual Studio Solution File, Format Version 12.00
# Visual Studio Version 16
VisualStudioVersion = 16.0.30611.23
MinimumVisualStudioVersion = 10.0.40219.1
Project("{8BC9CEB8-8B4A-11D0-8D11-00A0C91BC942}") = "c_sigma_fx_part_1_21_drinks_01", "c_sigma_fx_part_1_21_drinks_01.vcxproj", "{069CC503-BB5C-41EA-AA6F-3398D874A597}"
EndProject
Global
	GlobalSection(SolutionConfigurationPlatforms) = preSolution
		Debug|x64 = Debug|x64
		Debug|x86 = Debug|x86
		Release|x64 = Release|x64
		Release|x86 = Release|x86
	EndGlobalSection
	GlobalSection(ProjectConfigurationPlatforms) = postSolution
		{069CC503-BB5C-41EA-AA6F-3398D874A597}.Debug|x64.ActiveCfg = Debug|x64
		{069CC503-BB5C-41EA-AA6F-3398D874A597}.Debug|x64.Build.0 = Debug|x64
		{069CC503-BB5C-41EA-AA6F-3398D874A597}.Debug|x86.ActiveCfg = Debug|Win32
		{069CC503-BB5C-41EA-AA6F-3398D874A597}.Debug|x86.Build.0 = Debug|Win32
		{069CC503-BB5C-41EA-AA6F-3398D874A597}.Release|x64.ActiveCfg = Release|x64
		{069CC503-BB5C-41EA-AA6F-3398D874A597}.Release|x64.Build.0 = Release|x64
		{069CC503-BB5C-41EA-AA6F-3398D874A597}.Release|x86.ActiveCfg = Release|Win32
		{069CC503-BB5C-41EA-AA6F-3398D874A597}.Release|x86.Build.0 = Release|Win32
	EndGlobalSection
	GlobalSection(SolutionProperties) = preSolution
		HideSolutionNode = FALSE
	EndGlobalSection
	GlobalSection(ExtensibilityGlobals) = postSolution
		SolutionGuid = {038A859D-743D-4B4A-93CB-182398B1CBF9}
	EndGlobalSection
EndGlobal
